// !$*UTF8*$!
{
	archiveVersion = 1;
	classes = {
	};
	objectVersion = 77;
	objects = {

/* Begin PBXBuildFile section */
		2E73728000C4DB24FE6F4EF4 /* Models.swift in Sources */ = {isa = PBXBuildFile; fileRef = 6A1DDAB1482F2B2C6E407CD7 /* Models.swift */; };
		4F2E0970EBBDA49BB9E46013 /* Assets.xcassets in Resources */ = {isa = PBXBuildFile; fileRef = 1A8679891ADB77900CF13BDD /* Assets.xcassets */; };
		51592649DB5C8D2127823562 /* NotesImport.swift in Sources */ = {isa = PBXBuildFile; fileRef = 6A9DBD30DFB37D42C6F45FAE /* NotesImport.swift */; };
		573D1BA09F7209CF73B9EB00 /* App.swift in Sources */ = {isa = PBXBuildFile; fileRef = 984CC2131EF5A6E5F96F6233 /* App.swift */; };
		5EB4DA460490D7C90D325452 /* UI.swift in Sources */ = {isa = PBXBuildFile; fileRef = D3A85E771BF1E1AE2C202246 /* UI.swift */; };
		83A160568C5BD11D19C71C5B /* Pomodoro.swift in Sources */ = {isa = PBXBuildFile; fileRef = 04A1E65DED3513602B173A99 /* Pomodoro.swift */; };
/* End PBXBuildFile section */

/* Begin PBXFileReference section */
		04A1E65DED3513602B173A99 /* Pomodoro.swift */ = {isa = PBXFileReference; lastKnownFileType = sourcecode.swift; path = Pomodoro.swift; sourceTree = "<group>"; };
		1A8679891ADB77900CF13BDD /* Assets.xcassets */ = {isa = PBXFileReference; lastKnownFileType = folder.assetcatalog; path = Assets.xcassets; sourceTree = "<group>"; };
		6A1DDAB1482F2B2C6E407CD7 /* Models.swift */ = {isa = PBXFileReference; lastKnownFileType = sourcecode.swift; path = Models.swift; sourceTree = "<group>"; };
		6A9DBD30DFB37D42C6F45FAE /* NotesImport.swift */ = {isa = PBXFileReference; lastKnownFileType = sourcecode.swift; path = NotesImport.swift; sourceTree = "<group>"; };
		984CC2131EF5A6E5F96F6233 /* App.swift */ = {isa = PBXFileReference; lastKnownFileType = sourcecode.swift; path = App.swift; sourceTree = "<group>"; };
		CB7B3D99C2E5F8826028860B /* PhraseDeck.app */ = {isa = PBXFileReference; explicitFileType = wrapper.application; includeInIndex = 0; path = PhraseDeck.app; sourceTree = BUILT_PRODUCTS_DIR; };
		D3A85E771BF1E1AE2C202246 /* UI.swift */ = {isa = PBXFileReference; lastKnownFileType = sourcecode.swift; path = UI.swift; sourceTree = "<group>"; };
/* End PBXFileReference section */

/* Begin PBXGroup section */
		3867CF445BD0689AF1AF7E1C = {
			isa = PBXGroup;
			children = (
				1A8679891ADB77900CF13BDD /* Assets.xcassets */,
				4F3875C25B9B595A8928CD36 /* Sources */,
				97ACCFD5B67D7C489C8CF5EC /* Products */,
			);
			sourceTree = "<group>";
		};
		4F3875C25B9B595A8928CD36 /* Sources */ = {
			isa = PBXGroup;
			children = (
				984CC2131EF5A6E5F96F6233 /* App.swift */,
				6A1DDAB1482F2B2C6E407CD7 /* Models.swift */,
				6A9DBD30DFB37D42C6F45FAE /* NotesImport.swift */,
				04A1E65DED3513602B173A99 /* Pomodoro.swift */,
				D3A85E771BF1E1AE2C202246 /* UI.swift */,
			);
			path = Sources;
			sourceTree = "<group>";
		};
		97ACCFD5B67D7C489C8CF5EC /* Products */ = {
			isa = PBXGroup;
			children = (
				CB7B3D99C2E5F8826028860B /* PhraseDeck.app */,
			);
			name = Products;
			sourceTree = "<group>";
		};
/* End PBXGroup section */

/* Begin PBXNativeTarget section */
		40A0532C19F6AA462A467635 /* PhraseDeck */ = {
			isa = PBXNativeTarget;
			buildConfigurationList = 3500E1198344B2FE63C33575 /* Build configuration list for PBXNativeTarget "PhraseDeck" */;
			buildPhases = (
				7D13D83531BCB2818F8940AA /* Sources */,
				238EE2D2A470660D23D47A56 /* Resources */,
			);
			buildRules = (
			);
			dependencies = (
			);
			name = PhraseDeck;
			packageProductDependencies = (
			);
			productName = PhraseDeck;
			productReference = CB7B3D99C2E5F8826028860B /* PhraseDeck.app */;
			productType = "com.apple.product-type.application";
		};
/* End PBXNativeTarget section */

/* Begin PBXProject section */
		0353E4238EFD81679D336ECB /* Project object */ = {
			isa = PBXProject;
			attributes = {
				BuildIndependentTargetsInParallel = YES;
				LastUpgradeCheck = 2630;
				TargetAttributes = {
					40A0532C19F6AA462A467635 = {
						DevelopmentTeam = 6272CRNH9G;
						ProvisioningStyle = Automatic;
					};
				};
			};
			buildConfigurationList = BF8C327F1E5295DFC11334E7 /* Build configuration list for PBXProject "PhraseDeck" */;
			developmentRegion = en;
			hasScannedForEncodings = 0;
			knownRegions = (
				Base,
				en,
			);
			mainGroup = 3867CF445BD0689AF1AF7E1C;
			minimizedProjectReferenceProxies = 1;
			preferredProjectObjectVersion = 77;
			productRefGroup = 97ACCFD5B67D7C489C8CF5EC /* Products */;
			projectDirPath = "";
			projectRoot = "";
			targets = (
				40A0532C19F6AA462A467635 /* PhraseDeck */,
			);
		};
/* End PBXProject section */

/* Begin PBXResourcesBuildPhase section */
		238EE2D2A470660D23D47A56 /* Resources */ = {
			isa = PBXResourcesBuildPhase;
			buildActionMask = 2147483647;
			files = (
				4F2E0970EBBDA49BB9E46013 /* Assets.xcassets in Resources */,
			);
			runOnlyForDeploymentPostprocessing = 0;
		};
/* End PBXResourcesBuildPhase section */

/* Begin PBXSourcesBuildPhase section */
		7D13D83531BCB2818F8940AA /* Sources */ = {
			isa = PBXSourcesBuildPhase;
			buildActionMask = 2147483647;
			files = (
				573D1BA09F7209CF73B9EB00 /* App.swift in Sources */,
				2E73728000C4DB24FE6F4EF4 /* Models.swift in Sources */,
				51592649DB5C8D2127823562 /* NotesImport.swift in Sources */,
				83A160568C5BD11D19C71C5B /* Pomodoro.swift in Sources */,
				5EB4DA460490D7C90D325452 /* UI.swift in Sources */,
			);
			runOnlyForDeploymentPostprocessing = 0;
		};
/* End PBXSourcesBuildPhase section */

/* Begin XCBuildConfiguration section */
		62FDB610E2A805A1C23252DB /* Debug */ = {
			isa = XCBuildConfiguration;
			buildSettings = {
				ASSETCATALOG_COMPILER_APPICON_NAME = AppIcon;
				CODE_SIGN_ENTITLEMENTS = PhraseDeck.entitlements;
				CODE_SIGN_STYLE = Automatic;
				COMBINE_HIDPI_IMAGES = YES;
				CURRENT_PROJECT_VERSION = 1;
				DEVELOPMENT_TEAM = 6272CRNH9G;
				ENABLE_APP_SANDBOX = YES;
				ENABLE_HARDENED_RUNTIME = YES;
				GENERATE_INFOPLIST_FILE = YES;
				INFOPLIST_FILE = Info.plist;
				LD_RUNPATH_SEARCH_PATHS = (
					"$(inherited)",
					"@executable_path/../Frameworks",
				);
				MARKETING_VERSION = 1.0;
				PRODUCT_BUNDLE_IDENTIFIER = studio.nickson.phrasedeck;
				SDKROOT = macosx;
				SWIFT_VERSION = 5.0;
			};
			name = Debug;
		};
		8165E94875A7DC618F7E2F8D /* Release */ = {
			isa = XCBuildConfiguration;
			buildSettings = {
				ASSETCATALOG_COMPILER_APPICON_NAME = AppIcon;
				CODE_SIGN_ENTITLEMENTS = PhraseDeck.entitlements;
				CODE_SIGN_STYLE = Automatic;
				COMBINE_HIDPI_IMAGES = YES;
				CURRENT_PROJECT_VERSION = 1;
				DEVELOPMENT_TEAM = 6272CRNH9G;
				ENABLE_APP_SANDBOX = YES;
				ENABLE_HARDENED_RUNTIME = YES;
				GENERATE_INFOPLIST_FILE = YES;
				INFOPLIST_FILE = Info.plist;
				LD_RUNPATH_SEARCH_PATHS = (
					"$(inherited)",
					"@executable_path/../Frameworks",
				);
				MARKETING_VERSION = 1.0;
				PRODUCT_BUNDLE_IDENTIFIER = studio.nickson.phrasedeck;
				SDKROOT = macosx;
				SWIFT_VERSION = 5.0;
			};
			name = Release;
		};
		9D77FD5BB491603DECD3A325 /* Release */ = {
			isa = XCBuildConfiguration;
			buildSettings = {
				ALWAYS_SEARCH_USER_PATHS = NO;
				CLANG_ANALYZER_NONNULL = YES;
				CLANG_ANALYZER_NUMBER_OBJECT_CONVERSION = YES_AGGRESSIVE;
				CLANG_CXX_LANGUAGE_STANDARD = "gnu++14";
				CLANG_CXX_LIBRARY = "libc++";
				CLANG_ENABLE_MODULES = YES;
				CLANG_ENABLE_OBJC_ARC = YES;
				CLANG_ENABLE_OBJC_WEAK = YES;
				CLANG_WARN_BLOCK_CAPTURE_AUTORELEASING = YES;
				CLANG_WARN_BOOL_CONVERSION = YES;
				CLANG_WARN_COMMA = YES;
				CLANG_WARN_CONSTANT_CONVERSION = YES;
				CLANG_WARN_DEPRECATED_OBJC_IMPLEMENTATIONS = YES;
				CLANG_WARN_DIRECT_OBJC_ISA_USAGE = YES_ERROR;
				CLANG_WARN_DOCUMENTATION_COMMENTS = YES;
				CLANG_WARN_EMPTY_BODY = YES;
				CLANG_WARN_ENUM_CONVERSION = YES;
				CLANG_WARN_INFINITE_RECURSION = YES;
				CLANG_WARN_INT_CONVERSION = YES;
				CLANG_WARN_NON_LITERAL_NULL_CONVERSION = YES;
				CLANG_WARN_OBJC_IMPLICIT_RETAIN_SELF = YES;
				CLANG_WARN_OBJC_LITERAL_CONVERSION = YES;
				CLANG_WARN_OBJC_ROOT_CLASS = YES_ERROR;
				CLANG_WARN_QUOTED_INCLUDE_IN_FRAMEWORK_HEADER = YES;
				CLANG_WARN_RANGE_LOOP_ANALYSIS = YES;
				CLANG_WARN_STRICT_PROTOTYPES = YES;
				CLANG_WARN_SUSPICIOUS_MOVE = YES;
				CLANG_WARN_UNGUARDED_AVAILABILITY = YES_AGGRESSIVE;
				CLANG_WARN_UNREACHABLE_CODE = YES;
				CLANG_WARN__DUPLICATE_METHOD_MATCH = YES;
				COPY_PHASE_STRIP = NO;
				DEBUG_INFORMATION_FORMAT = "dwarf-with-dsym";
				ENABLE_NS_ASSERTIONS = NO;
				ENABLE_STRICT_OBJC_MSGSEND = YES;
				GCC_C_LANGUAGE_STANDARD = gnu11;
				GCC_NO_COMMON_BLOCKS = YES;
				GCC_WARN_64_TO_32_BIT_CONVERSION = YES;
				GCC_WARN_ABOUT_RETURN_TYPE = YES_ERROR;
				GCC_WARN_UNDECLARED_SELECTOR = YES;
				GCC_WARN_UNINITIALIZED_AUTOS = YES_AGGRESSIVE;
				GCC_WARN_UNUSED_FUNCTION = YES;
				GCC_WARN_UNUSED_VARIABLE = YES;
				MACOSX_DEPLOYMENT_TARGET = 14.0;
				MTL_ENABLE_DEBUG_INFO = NO;
				MTL_FAST_MATH = YES;
				PRODUCT_NAME = "$(TARGET_NAME)";
				SDKROOT = macosx;
				SWIFT_COMPILATION_MODE = wholemodule;
				SWIFT_OPTIMIZATION_LEVEL = "-O";
				SWIFT_VERSION = 5.0;
			};
			name = Release;
		};
		D83A2C4F1C167390F3E59C8F /* Debug */ = {
			isa = XCBuildConfiguration;
			buildSettings = {
				ALWAYS_SEARCH_USER_PATHS = NO;
				CLANG_ANALYZER_NONNULL = YES;
				CLANG_ANALYZER_NUMBER_OBJECT_CONVERSION = YES_AGGRESSIVE;
				CLANG_CXX_LANGUAGE_STANDARD = "gnu++14";
				CLANG_CXX_LIBRARY = "libc++";
				CLANG_ENABLE_MODULES = YES;
				CLANG_ENABLE_OBJC_ARC = YES;
				CLANG_ENABLE_OBJC_WEAK = YES;
				CLANG_WARN_BLOCK_CAPTURE_AUTORELEASING = YES;
				CLANG_WARN_BOOL_CONVERSION = YES;
				CLANG_WARN_COMMA = YES;
				CLANG_WARN_CONSTANT_CONVERSION = YES;
				CLANG_WARN_DEPRECATED_OBJC_IMPLEMENTATIONS = YES;
				CLANG_WARN_DIRECT_OBJC_ISA_USAGE = YES_ERROR;
				CLANG_WARN_DOCUMENTATION_COMMENTS = YES;
				CLANG_WARN_EMPTY_BODY = YES;
				CLANG_WARN_ENUM_CONVERSION = YES;
				CLANG_WARN_INFINITE_RECURSION = YES;
				CLANG_WARN_INT_CONVERSION = YES;
				CLANG_WARN_NON_LITERAL_NULL_CONVERSION = YES;
				CLANG_WARN_OBJC_IMPLICIT_RETAIN_SELF = YES;
				CLANG_WARN_OBJC_LITERAL_CONVERSION = YES;
				CLANG_WARN_OBJC_ROOT_CLASS = YES_ERROR;
				CLANG_WARN_QUOTED_INCLUDE_IN_FRAMEWORK_HEADER = YES;
				CLANG_WARN_RANGE_LOOP_ANALYSIS = YES;
				CLANG_WARN_STRICT_PROTOTYPES = YES;
				CLANG_WARN_SUSPICIOUS_MOVE = YES;
				CLANG_WARN_UNGUARDED_AVAILABILITY = YES_AGGRESSIVE;
				CLANG_WARN_UNREACHABLE_CODE = YES;
				CLANG_WARN__DUPLICATE_METHOD_MATCH = YES;
				COPY_PHASE_STRIP = NO;
				DEBUG_INFORMATION_FORMAT = dwarf;
				ENABLE_STRICT_OBJC_MSGSEND = YES;
				ENABLE_TESTABILITY = YES;
				GCC_C_LANGUAGE_STANDARD = gnu11;
				GCC_DYNAMIC_NO_PIC = NO;
				GCC_NO_COMMON_BLOCKS = YES;
				GCC_OPTIMIZATION_LEVEL = 0;
				GCC_PREPROCESSOR_DEFINITIONS = (
					"$(inherited)",
					"DEBUG=1",
				);
				GCC_WARN_64_TO_32_BIT_CONVERSION = YES;
				GCC_WARN_ABOUT_RETURN_TYPE = YES_ERROR;
				GCC_WARN_UNDECLARED_SELECTOR = YES;
				GCC_WARN_UNINITIALIZED_AUTOS = YES_AGGRESSIVE;
				GCC_WARN_UNUSED_FUNCTION = YES;
				GCC_WARN_UNUSED_VARIABLE = YES;
				MACOSX_DEPLOYMENT_TARGET = 14.0;
				MTL_ENABLE_DEBUG_INFO = INCLUDE_SOURCE;
				MTL_FAST_MATH = YES;
				ONLY_ACTIVE_ARCH = YES;
				PRODUCT_NAME = "$(TARGET_NAME)";
				SDKROOT = macosx;
				SWIFT_ACTIVE_COMPILATION_CONDITIONS = DEBUG;
				SWIFT_OPTIMIZATION_LEVEL = "-Onone";
				SWIFT_VERSION = 5.0;
			};
			name = Debug;
		};
/* End XCBuildConfiguration section */

/* Begin XCConfigurationList section */
		3500E1198344B2FE63C33575 /* Build configuration list for PBXNativeTarget "PhraseDeck" */ = {
			isa = XCConfigurationList;
			buildConfigurations = (
				62FDB610E2A805A1C23252DB /* Debug */,
				8165E94875A7DC618F7E2F8D /* Release */,
			);
			defaultConfigurationIsVisible = 0;
			defaultConfigurationName = Debug;
		};
		BF8C327F1E5295DFC11334E7 /* Build configuration list for PBXProject "PhraseDeck" */ = {
			isa = XCConfigurationList;
			buildConfigurations = (
				D83A2C4F1C167390F3E59C8F /* Debug */,
				9D77FD5BB491603DECD3A325 /* Release */,
			);
			defaultConfigurationIsVisible = 0;
			defaultConfigurationName = Debug;
		};
/* End XCConfigurationList section */
	};
	rootObject = 0353E4238EFD81679D336ECB /* Project object */;
}
